PODS:
  - Flutter (1.0.0)
  - rate_my_app (2.3.2):
    - Flutter
    - FlutterMacOS

DEPENDENCIES:
  - Flutter (from `Flutter`)
  - rate_my_app (from `.symlinks/plugins/rate_my_app/darwin`)

EXTERNAL SOURCES:
  Flutter:
    :path: Flutter
  rate_my_app:
    :path: ".symlinks/plugins/rate_my_app/darwin"

SPEC CHECKSUMS:
  Flutter: 71a624a5bc0c04062bf19101d501e466baf2fb47
  rate_my_app: cbb89973f870601f80f7bad63aba107260cabc5b

PODFILE CHECKSUM: 7fac4b0f4c4e163492c257b63a49e81dcbbc6c0b

COCOAPODS: 1.16.2
