# Generated by pub
# See https://dart.dev/tools/pub/glossary#lockfile
packages:
  after_layout:
    dependency: "direct main"
    description:
      name: after_layout
      url: "https://pub.dartlang.org"
    source: hosted
    version: "1.0.7+2"
  archive:
    dependency: transitive
    description:
      name: archive
      url: "https://pub.dartlang.org"
    source: hosted
    version: "2.0.11"
  args:
    dependency: transitive
    description:
      name: args
      url: "https://pub.dartlang.org"
    source: hosted
    version: "1.5.2"
  async:
    dependency: transitive
    description:
      name: async
      url: "https://pub.dartlang.org"
    source: hosted
    version: "2.5.0-nullsafety.1"
  barcode_flutter:
    dependency: "direct main"
    description:
      name: barcode_flutter
      url: "https://pub.dartlang.org"
    source: hosted
    version: "1.1.2"
  boolean_selector:
    dependency: transitive
    description:
      name: boolean_selector
      url: "https://pub.dartlang.org"
    source: hosted
    version: "2.1.0-nullsafety.1"
  characters:
    dependency: transitive
    description:
      name: characters
      url: "https://pub.dartlang.org"
    source: hosted
    version: "1.1.0-nullsafety.3"
  charcode:
    dependency: transitive
    description:
      name: charcode
      url: "https://pub.dartlang.org"
    source: hosted
    version: "1.2.0-nullsafety.1"
  charts_common:
    dependency: transitive
    description:
      name: charts_common
      url: "https://pub.dartlang.org"
    source: hosted
    version: "0.8.1"
  charts_flutter:
    dependency: "direct main"
    description:
      name: charts_flutter
      url: "https://pub.dartlang.org"
    source: hosted
    version: "0.8.1"
  clock:
    dependency: transitive
    description:
      name: clock
      url: "https://pub.dartlang.org"
    source: hosted
    version: "1.1.0-nullsafety.1"
  collection:
    dependency: "direct main"
    description:
      name: collection
      url: "https://pub.dartlang.org"
    source: hosted
    version: "1.15.0-nullsafety.3"
  convert:
    dependency: transitive
    description:
      name: convert
      url: "https://pub.dartlang.org"
    source: hosted
    version: "2.1.1"
  crypto:
    dependency: transitive
    description:
      name: crypto
      url: "https://pub.dartlang.org"
    source: hosted
    version: "2.1.3"
  csslib:
    dependency: transitive
    description:
      name: csslib
      url: "https://pub.dartlang.org"
    source: hosted
    version: "0.16.1"
  cupertino_icons:
    dependency: "direct main"
    description:
      name: cupertino_icons
      url: "https://pub.dartlang.org"
    source: hosted
    version: "0.1.3"
  fake_async:
    dependency: transitive
    description:
      name: fake_async
      url: "https://pub.dartlang.org"
    source: hosted
    version: "1.2.0-nullsafety.1"
  firebase:
    dependency: transitive
    description:
      name: firebase
      url: "https://pub.dartlang.org"
    source: hosted
    version: "7.2.1"
  firebase_analytics:
    dependency: "direct main"
    description:
      name: firebase_analytics
      url: "https://pub.dartlang.org"
    source: hosted
    version: "5.0.11"
  firebase_core:
    dependency: "direct main"
    description:
      name: firebase_core
      url: "https://pub.dartlang.org"
    source: hosted
    version: "0.4.4+3"
  firebase_core_platform_interface:
    dependency: transitive
    description:
      name: firebase_core_platform_interface
      url: "https://pub.dartlang.org"
    source: hosted
    version: "1.0.4"
  firebase_core_web:
    dependency: transitive
    description:
      name: firebase_core_web
      url: "https://pub.dartlang.org"
    source: hosted
    version: "0.1.1+2"
  firebase_crashlytics:
    dependency: "direct main"
    description:
      name: firebase_crashlytics
      url: "https://pub.dartlang.org"
    source: hosted
    version: "0.1.3+3"
  firebase_messaging:
    dependency: "direct main"
    description:
      name: firebase_messaging
      url: "https://pub.dartlang.org"
    source: hosted
    version: "6.0.13"
  flutter:
    dependency: "direct main"
    description: flutter
    source: sdk
    version: "0.0.0"
  flutter_launcher_icons:
    dependency: "direct dev"
    description:
      name: flutter_launcher_icons
      url: "https://pub.dartlang.org"
    source: hosted
    version: "0.7.4"
  flutter_progress_button:
    dependency: "direct main"
    description:
      name: flutter_progress_button
      url: "https://pub.dartlang.org"
    source: hosted
    version: "1.0.0"
  flutter_test:
    dependency: "direct dev"
    description: flutter
    source: sdk
    version: "0.0.0"
  flutter_web_plugins:
    dependency: transitive
    description: flutter
    source: sdk
    version: "0.0.0"
  flutter_widgets:
    dependency: "direct main"
    description:
      name: flutter_widgets
      url: "https://pub.dartlang.org"
    source: hosted
    version: "0.1.12"
  geocoder:
    dependency: "direct main"
    description:
      name: geocoder
      url: "https://pub.dartlang.org"
    source: hosted
    version: "0.2.1"
  html:
    dependency: "direct main"
    description:
      name: html
      url: "https://pub.dartlang.org"
    source: hosted
    version: "0.14.0+3"
  http:
    dependency: "direct main"
    description:
      name: http
      url: "https://pub.dartlang.org"
    source: hosted
    version: "0.12.0+4"
  http_parser:
    dependency: transitive
    description:
      name: http_parser
      url: "https://pub.dartlang.org"
    source: hosted
    version: "3.1.4"
  image:
    dependency: transitive
    description:
      name: image
      url: "https://pub.dartlang.org"
    source: hosted
    version: "2.1.4"
  intl:
    dependency: "direct main"
    description:
      name: intl
      url: "https://pub.dartlang.org"
    source: hosted
    version: "0.16.1"
  js:
    dependency: transitive
    description:
      name: js
      url: "https://pub.dartlang.org"
    source: hosted
    version: "0.6.1+1"
  logging:
    dependency: transitive
    description:
      name: logging
      url: "https://pub.dartlang.org"
    source: hosted
    version: "0.11.4"
  matcher:
    dependency: transitive
    description:
      name: matcher
      url: "https://pub.dartlang.org"
    source: hosted
    version: "0.12.10-nullsafety.1"
  meta:
    dependency: transitive
    description:
      name: meta
      url: "https://pub.dartlang.org"
    source: hosted
    version: "1.3.0-nullsafety.3"
  path:
    dependency: transitive
    description:
      name: path
      url: "https://pub.dartlang.org"
    source: hosted
    version: "1.8.0-nullsafety.1"
  pedantic:
    dependency: transitive
    description:
      name: pedantic
      url: "https://pub.dartlang.org"
    source: hosted
    version: "1.8.0+1"
  petitparser:
    dependency: transitive
    description:
      name: petitparser
      url: "https://pub.dartlang.org"
    source: hosted
    version: "2.4.0"
  platform:
    dependency: transitive
    description:
      name: platform
      url: "https://pub.dartlang.org"
    source: hosted
    version: "2.2.1"
  plugin_platform_interface:
    dependency: transitive
    description:
      name: plugin_platform_interface
      url: "https://pub.dartlang.org"
    source: hosted
    version: "1.0.2"
  provider:
    dependency: "direct main"
    description:
      name: provider
      url: "https://pub.dartlang.org"
    source: hosted
    version: "3.2.0"
  quiver:
    dependency: transitive
    description:
      name: quiver
      url: "https://pub.dartlang.org"
    source: hosted
    version: "2.0.5"
  rate_my_app:
    dependency: "direct main"
    description:
      name: rate_my_app
      url: "https://pub.dartlang.org"
    source: hosted
    version: "0.6.0+3"
  shared_preferences:
    dependency: "direct main"
    description:
      name: shared_preferences
      url: "https://pub.dartlang.org"
    source: hosted
    version: "0.5.7+2"
  shared_preferences_macos:
    dependency: transitive
    description:
      name: shared_preferences_macos
      url: "https://pub.dartlang.org"
    source: hosted
    version: "0.0.1+6"
  shared_preferences_platform_interface:
    dependency: transitive
    description:
      name: shared_preferences_platform_interface
      url: "https://pub.dartlang.org"
    source: hosted
    version: "1.0.3"
  shared_preferences_web:
    dependency: transitive
    description:
      name: shared_preferences_web
      url: "https://pub.dartlang.org"
    source: hosted
    version: "0.1.2+4"
  sky_engine:
    dependency: transitive
    description: flutter
    source: sdk
    version: "0.0.99"
  smooth_star_rating:
    dependency: transitive
    description:
      name: smooth_star_rating
      url: "https://pub.dartlang.org"
    source: hosted
    version: "1.1.0+1"
  source_span:
    dependency: transitive
    description:
      name: source_span
      url: "https://pub.dartlang.org"
    source: hosted
    version: "1.8.0-nullsafety.2"
  stack_trace:
    dependency: transitive
    description:
      name: stack_trace
      url: "https://pub.dartlang.org"
    source: hosted
    version: "1.10.0-nullsafety.1"
  strava_flutter:
    dependency: "direct main"
    description:
      name: strava_flutter
      url: "https://pub.dartlang.org"
    source: hosted
    version: "1.2.1+60"
  stream_channel:
    dependency: transitive
    description:
      name: stream_channel
      url: "https://pub.dartlang.org"
    source: hosted
    version: "2.1.0-nullsafety.1"
  string_scanner:
    dependency: transitive
    description:
      name: string_scanner
      url: "https://pub.dartlang.org"
    source: hosted
    version: "1.1.0-nullsafety.1"
  term_glyph:
    dependency: transitive
    description:
      name: term_glyph
      url: "https://pub.dartlang.org"
    source: hosted
    version: "1.2.0-nullsafety.1"
  test_api:
    dependency: transitive
    description:
      name: test_api
      url: "https://pub.dartlang.org"
    source: hosted
    version: "0.2.19-nullsafety.2"
  transparent_image:
    dependency: "direct main"
    description:
      name: transparent_image
      url: "https://pub.dartlang.org"
    source: hosted
    version: "1.0.0"
  typed_data:
    dependency: transitive
    description:
      name: typed_data
      url: "https://pub.dartlang.org"
    source: hosted
    version: "1.3.0-nullsafety.3"
  uni_links:
    dependency: transitive
    description:
      name: uni_links
      url: "https://pub.dartlang.org"
    source: hosted
    version: "0.4.0"
  url_launcher:
    dependency: "direct main"
    description:
      name: url_launcher
      url: "https://pub.dartlang.org"
    source: hosted
    version: "5.4.5"
  url_launcher_macos:
    dependency: transitive
    description:
      name: url_launcher_macos
      url: "https://pub.dartlang.org"
    source: hosted
    version: "0.0.1+4"
  url_launcher_platform_interface:
    dependency: transitive
    description:
      name: url_launcher_platform_interface
      url: "https://pub.dartlang.org"
    source: hosted
    version: "1.0.6"
  url_launcher_web:
    dependency: transitive
    description:
      name: url_launcher_web
      url: "https://pub.dartlang.org"
    source: hosted
    version: "0.1.1+1"
  vector_math:
    dependency: transitive
    description:
      name: vector_math
      url: "https://pub.dartlang.org"
    source: hosted
    version: "2.1.0-nullsafety.3"
  xml:
    dependency: transitive
    description:
      name: xml
      url: "https://pub.dartlang.org"
    source: hosted
    version: "3.5.0"
  yaml:
    dependency: transitive
    description:
      name: yaml
      url: "https://pub.dartlang.org"
    source: hosted
    version: "2.2.0"
sdks:
  dart: ">=2.10.0-110 <2.11.0"
  flutter: ">=1.12.13+hotfix.5 <2.0.0"
